
Microsoft Visual Studio Solution File, Format Version 12.00
# Visual Studio Express 14 for Web
VisualStudioVersion = 14.0.24720.0
MinimumVisualStudioVersion = 10.0.40219.1
Project("{FAE04EC0-301F-11D3-BF4B-00C04F79EFBC}") = "222Ministry", "222Ministry\222Ministry.csproj", "{940695A0-DDC5-4411-89F3-2EAC2372C351}"
EndProject
Global
	GlobalSection(SolutionConfigurationPlatforms) = preSolution
		Debug|Any CPU = Debug|Any CPU
		Release|Any CPU = Release|Any CPU
	EndGlobalSection
	GlobalSection(ProjectConfigurationPlatforms) = postSolution
		{940695A0-DDC5-4411-89F3-2EAC2372C351}.Debug|Any CPU.ActiveCfg = Debug|Any CPU
		{940695A0-DDC5-4411-89F3-2EAC2372C351}.Debug|Any CPU.Build.0 = Debug|Any CPU
		{940695A0-DDC5-4411-89F3-2EAC2372C351}.Release|Any CPU.ActiveCfg = Release|Any CPU
		{940695A0-DDC5-4411-89F3-2EAC2372C351}.Release|Any CPU.Build.0 = Release|Any CPU
	EndGlobalSection
	GlobalSection(SolutionProperties) = preSolution
		HideSolutionNode = FALSE
	EndGlobalSection
EndGlobal
